
Microsoft Visual Studio Solution File, Format Version 12.00
# Visual Studio Version 17
VisualStudioVersion = 17.0.31903.59
MinimumVisualStudioVersion = 10.0.40219.1
Project("{2150E333-8FDC-42A3-9474-1A3956D46DE8}") = "src", "src", "{2C330BE3-4759-4A96-9EE7-EF897B842D2B}"
EndProject
Project("{FAE04EC0-301F-11D3-BF4B-00C04F79EFBC}") = "Workshop.Api", "src\Workshop.Api\Workshop.Api.csproj", "{4B63A680-D184-478C-A5F4-EC12ABFF50FB}"
EndProject
Project("{FAE04EC0-301F-11D3-BF4B-00C04F79EFBC}") = "Workshop.Domain", "src\Workshop.Domain\Workshop.Domain.csproj", "{4D9C3DE9-CE81-48E5-89F8-0A53E56141E0}"
EndProject
Project("{FAE04EC0-301F-11D3-BF4B-00C04F79EFBC}") = "Workshop.Infrastructure", "src\Workshop.Infrastructure\Workshop.Infrastructure.csproj", "{A9E7EB59-372A-48B2-BF63-6FB31FF0511E}"
EndProject
Global
	GlobalSection(SolutionConfigurationPlatforms) = preSolution
		Debug|Any CPU = Debug|Any CPU
		Release|Any CPU = Release|Any CPU
	EndGlobalSection
	GlobalSection(SolutionProperties) = preSolution
		HideSolutionNode = FALSE
	EndGlobalSection
	GlobalSection(ProjectConfigurationPlatforms) = postSolution
		{4B63A680-D184-478C-A5F4-EC12ABFF50FB}.Debug|Any CPU.ActiveCfg = Debug|Any CPU
		{4B63A680-D184-478C-A5F4-EC12ABFF50FB}.Debug|Any CPU.Build.0 = Debug|Any CPU
		{4B63A680-D184-478C-A5F4-EC12ABFF50FB}.Release|Any CPU.ActiveCfg = Release|Any CPU
		{4B63A680-D184-478C-A5F4-EC12ABFF50FB}.Release|Any CPU.Build.0 = Release|Any CPU
		{4D9C3DE9-CE81-48E5-89F8-0A53E56141E0}.Debug|Any CPU.ActiveCfg = Debug|Any CPU
		{4D9C3DE9-CE81-48E5-89F8-0A53E56141E0}.Debug|Any CPU.Build.0 = Debug|Any CPU
		{4D9C3DE9-CE81-48E5-89F8-0A53E56141E0}.Release|Any CPU.ActiveCfg = Release|Any CPU
		{4D9C3DE9-CE81-48E5-89F8-0A53E56141E0}.Release|Any CPU.Build.0 = Release|Any CPU
		{A9E7EB59-372A-48B2-BF63-6FB31FF0511E}.Debug|Any CPU.ActiveCfg = Debug|Any CPU
		{A9E7EB59-372A-48B2-BF63-6FB31FF0511E}.Debug|Any CPU.Build.0 = Debug|Any CPU
		{A9E7EB59-372A-48B2-BF63-6FB31FF0511E}.Release|Any CPU.ActiveCfg = Release|Any CPU
		{A9E7EB59-372A-48B2-BF63-6FB31FF0511E}.Release|Any CPU.Build.0 = Release|Any CPU
	EndGlobalSection
	GlobalSection(NestedProjects) = preSolution
		{4B63A680-D184-478C-A5F4-EC12ABFF50FB} = {2C330BE3-4759-4A96-9EE7-EF897B842D2B}
		{4D9C3DE9-CE81-48E5-89F8-0A53E56141E0} = {2C330BE3-4759-4A96-9EE7-EF897B842D2B}
		{A9E7EB59-372A-48B2-BF63-6FB31FF0511E} = {2C330BE3-4759-4A96-9EE7-EF897B842D2B}
	EndGlobalSection
EndGlobal
